// !$*UTF8*$!
{
	archiveVersion = 1;
	classes = {
	};
	objectVersion = 46;
	objects = {

/* Begin PBXBuildFile section */
		CEDAEA2B1BB38FCA0012B3C0 /* main.m in Sources */ = {isa = PBXBuildFile; fileRef = CEDAEA2A1BB38FCA0012B3C0 /* main.m */; };
		CEDAEA2E1BB38FCA0012B3C0 /* AppDelegate.m in Sources */ = {isa = PBXBuildFile; fileRef = CEDAEA2D1BB38FCA0012B3C0 /* AppDelegate.m */; };
		CEDAEA311BB38FCA0012B3C0 /* ViewController.m in Sources */ = {isa = PBXBuildFile; fileRef = CEDAEA301BB38FCA0012B3C0 /* ViewController.m */; };
		CEDAEA341BB38FCA0012B3C0 /* Main.storyboard in Resources */ = {isa = PBXBuildFile; fileRef = CEDAEA321BB38FCA0012B3C0 /* Main.storyboard */; };
		CEDAEA361BB38FCA0012B3C0 /* Images.xcassets in Resources */ = {isa = PBXBuildFile; fileRef = CEDAEA351BB38FCA0012B3C0 /* Images.xcassets */; };
		CEDAEA391BB38FCA0012B3C0 /* LaunchScreen.xib in Resources */ = {isa = PBXBuildFile; fileRef = CEDAEA371BB38FCA0012B3C0 /* LaunchScreen.xib */; };
		CEDAEA451BB38FCB0012B3C0 /* Hend_Held_V1_0Tests.m in Sources */ = {isa = PBXBuildFile; fileRef = CEDAEA441BB38FCB0012B3C0 /* Hend_Held_V1_0Tests.m */; };
/* End PBXBuildFile section */

/* Begin PBXContainerItemProxy section */
		CEDAEA3F1BB38FCB0012B3C0 /* PBXContainerItemProxy */ = {
			isa = PBXContainerItemProxy;
			containerPortal = CEDAEA1D1BB38FCA0012B3C0 /* Project object */;
			proxyType = 1;
			remoteGlobalIDString = CEDAEA241BB38FCA0012B3C0;
			remoteInfo = Hend_Held_V1.0;
		};
/* End PBXContainerItemProxy section */

/* Begin PBXFileReference section */
		CEDAEA251BB38FCA0012B3C0 /* Hend_Held_V1.0.app */ = {isa = PBXFileReference; explicitFileType = wrapper.application; includeInIndex = 0; path = Hend_Held_V1.0.app; sourceTree = BUILT_PRODUCTS_DIR; };
		CEDAEA291BB38FCA0012B3C0 /* Info.plist */ = {isa = PBXFileReference; lastKnownFileType = text.plist.xml; path = Info.plist; sourceTree = "<group>"; };
		CEDAEA2A1BB38FCA0012B3C0 /* main.m */ = {isa = PBXFileReference; lastKnownFileType = sourcecode.c.objc; path = main.m; sourceTree = "<group>"; };
		CEDAEA2C1BB38FCA0012B3C0 /* AppDelegate.h */ = {isa = PBXFileReference; lastKnownFileType = sourcecode.c.h; path = AppDelegate.h; sourceTree = "<group>"; };
		CEDAEA2D1BB38FCA0012B3C0 /* AppDelegate.m */ = {isa = PBXFileReference; lastKnownFileType = sourcecode.c.objc; path = AppDelegate.m; sourceTree = "<group>"; };
		CEDAEA2F1BB38FCA0012B3C0 /* ViewController.h */ = {isa = PBXFileReference; lastKnownFileType = sourcecode.c.h; path = ViewController.h; sourceTree = "<group>"; };
		CEDAEA301BB38FCA0012B3C0 /* ViewController.m */ = {isa = PBXFileReference; lastKnownFileType = sourcecode.c.objc; path = ViewController.m; sourceTree = "<group>"; };
		CEDAEA331BB38FCA0012B3C0 /* Base */ = {isa = PBXFileReference; lastKnownFileType = file.storyboard; name = Base; path = Base.lproj/Main.storyboard; sourceTree = "<group>"; };
		CEDAEA351BB38FCA0012B3C0 /* Images.xcassets */ = {isa = PBXFileReference; lastKnownFileType = folder.assetcatalog; path = Images.xcassets; sourceTree = "<group>"; };
		CEDAEA381BB38FCA0012B3C0 /* Base */ = {isa = PBXFileReference; lastKnownFileType = file.xib; name = Base; path = Base.lproj/LaunchScreen.xib; sourceTree = "<group>"; };
		CEDAEA3E1BB38FCB0012B3C0 /* Hend_Held_V1.0Tests.xctest */ = {isa = PBXFileReference; explicitFileType = wrapper.cfbundle; includeInIndex = 0; path = Hend_Held_V1.0Tests.xctest; sourceTree = BUILT_PRODUCTS_DIR; };
		CEDAEA431BB38FCB0012B3C0 /* Info.plist */ = {isa = PBXFileReference; lastKnownFileType = text.plist.xml; path = Info.plist; sourceTree = "<group>"; };
		CEDAEA441BB38FCB0012B3C0 /* Hend_Held_V1_0Tests.m */ = {isa = PBXFileReference; lastKnownFileType = sourcecode.c.objc; path = Hend_Held_V1_0Tests.m; sourceTree = "<group>"; };
/* End PBXFileReference section */

/* Begin PBXFrameworksBuildPhase section */
		CEDAEA221BB38FCA0012B3C0 /* Frameworks */ = {
			isa = PBXFrameworksBuildPhase;
			buildActionMask = 2147483647;
			files = (
			);
			runOnlyForDeploymentPostprocessing = 0;
		};
		CEDAEA3B1BB38FCB0012B3C0 /* Frameworks */ = {
			isa = PBXFrameworksBuildPhase;
			buildActionMask = 2147483647;
			files = (
			);
			runOnlyForDeploymentPostprocessing = 0;
		};
/* End PBXFrameworksBuildPhase section */

/* Begin PBXGroup section */
		CEDAEA1C1BB38FCA0012B3C0 = {
			isa = PBXGroup;
			children = (
				CEDAEA271BB38FCA0012B3C0 /* Hend_Held_V1.0 */,
				CEDAEA411BB38FCB0012B3C0 /* Hend_Held_V1.0Tests */,
				CEDAEA261BB38FCA0012B3C0 /* Products */,
			);
			sourceTree = "<group>";
		};
		CEDAEA261BB38FCA0012B3C0 /* Products */ = {
			isa = PBXGroup;
			children = (
				CEDAEA251BB38FCA0012B3C0 /* Hend_Held_V1.0.app */,
				CEDAEA3E1BB38FCB0012B3C0 /* Hend_Held_V1.0Tests.xctest */,
			);
			name = Products;
			sourceTree = "<group>";
		};
		CEDAEA271BB38FCA0012B3C0 /* Hend_Held_V1.0 */ = {
			isa = PBXGroup;
			children = (
				CEDAEA2C1BB38FCA0012B3C0 /* AppDelegate.h */,
				CEDAEA2D1BB38FCA0012B3C0 /* AppDelegate.m */,
				CEDAEA2F1BB38FCA0012B3C0 /* ViewController.h */,
				CEDAEA301BB38FCA0012B3C0 /* ViewController.m */,
				CEDAEA321BB38FCA0012B3C0 /* Main.storyboard */,
				CEDAEA351BB38FCA0012B3C0 /* Images.xcassets */,
				CEDAEA371BB38FCA0012B3C0 /* LaunchScreen.xib */,
				CEDAEA281BB38FCA0012B3C0 /* Supporting Files */,
			);
			path = Hend_Held_V1.0;
			sourceTree = "<group>";
		};
		CEDAEA281BB38FCA0012B3C0 /* Supporting Files */ = {
			isa = PBXGroup;
			children = (
				CEDAEA291BB38FCA0012B3C0 /* Info.plist */,
				CEDAEA2A1BB38FCA0012B3C0 /* main.m */,
			);
			name = "Supporting Files";
			sourceTree = "<group>";
		};
		CEDAEA411BB38FCB0012B3C0 /* Hend_Held_V1.0Tests */ = {
			isa = PBXGroup;
			children = (
				CEDAEA441BB38FCB0012B3C0 /* Hend_Held_V1_0Tests.m */,
				CEDAEA421BB38FCB0012B3C0 /* Supporting Files */,
			);
			path = Hend_Held_V1.0Tests;
			sourceTree = "<group>";
		};
		CEDAEA421BB38FCB0012B3C0 /* Supporting Files */ = {
			isa = PBXGroup;
			children = (
				CEDAEA431BB38FCB0012B3C0 /* Info.plist */,
			);
			name = "Supporting Files";
			sourceTree = "<group>";
		};
/* End PBXGroup section */

/* Begin PBXNativeTarget section */
		CEDAEA241BB38FCA0012B3C0 /* Hend_Held_V1.0 */ = {
			isa = PBXNativeTarget;
			buildConfigurationList = CEDAEA481BB38FCB0012B3C0 /* Build configuration list for PBXNativeTarget "Hend_Held_V1.0" */;
			buildPhases = (
				CEDAEA211BB38FCA0012B3C0 /* Sources */,
				CEDAEA221BB38FCA0012B3C0 /* Frameworks */,
				CEDAEA231BB38FCA0012B3C0 /* Resources */,
			);
			buildRules = (
			);
			dependencies = (
			);
			name = Hend_Held_V1.0;
			productName = Hend_Held_V1.0;
			productReference = CEDAEA251BB38FCA0012B3C0 /* Hend_Held_V1.0.app */;
			productType = "com.apple.product-type.application";
		};
		CEDAEA3D1BB38FCB0012B3C0 /* Hend_Held_V1.0Tests */ = {
			isa = PBXNativeTarget;
			buildConfigurationList = CEDAEA4B1BB38FCB0012B3C0 /* Build configuration list for PBXNativeTarget "Hend_Held_V1.0Tests" */;
			buildPhases = (
				CEDAEA3A1BB38FCB0012B3C0 /* Sources */,
				CEDAEA3B1BB38FCB0012B3C0 /* Frameworks */,
				CEDAEA3C1BB38FCB0012B3C0 /* Resources */,
			);
			buildRules = (
			);
			dependencies = (
				CEDAEA401BB38FCB0012B3C0 /* PBXTargetDependency */,
			);
			name = Hend_Held_V1.0Tests;
			productName = Hend_Held_V1.0Tests;
			productReference = CEDAEA3E1BB38FCB0012B3C0 /* Hend_Held_V1.0Tests.xctest */;
			productType = "com.apple.product-type.bundle.unit-test";
		};
/* End PBXNativeTarget section */

/* Begin PBXProject section */
		CEDAEA1D1BB38FCA0012B3C0 /* Project object */ = {
			isa = PBXProject;
			attributes = {
				LastUpgradeCheck = 0640;
				ORGANIZATIONNAME = "Toan Nguyen Duc";
				TargetAttributes = {
					CEDAEA241BB38FCA0012B3C0 = {
						CreatedOnToolsVersion = 6.4;
					};
					CEDAEA3D1BB38FCB0012B3C0 = {
						CreatedOnToolsVersion = 6.4;
						TestTargetID = CEDAEA241BB38FCA0012B3C0;
					};
				};
			};
			buildConfigurationList = CEDAEA201BB38FCA0012B3C0 /* Build configuration list for PBXProject "Hend_Held_V1.0" */;
			compatibilityVersion = "Xcode 3.2";
			developmentRegion = English;
			hasScannedForEncodings = 0;
			knownRegions = (
				en,
				Base,
			);
			mainGroup = CEDAEA1C1BB38FCA0012B3C0;
			productRefGroup = CEDAEA261BB38FCA0012B3C0 /* Products */;
			projectDirPath = "";
			projectRoot = "";
			targets = (
				CEDAEA241BB38FCA0012B3C0 /* Hend_Held_V1.0 */,
				CEDAEA3D1BB38FCB0012B3C0 /* Hend_Held_V1.0Tests */,
			);
		};
/* End PBXProject section */

/* Begin PBXResourcesBuildPhase section */
		CEDAEA231BB38FCA0012B3C0 /* Resources */ = {
			isa = PBXResourcesBuildPhase;
			buildActionMask = 2147483647;
			files = (
				CEDAEA341BB38FCA0012B3C0 /* Main.storyboard in Resources */,
				CEDAEA391BB38FCA0012B3C0 /* LaunchScreen.xib in Resources */,
				CEDAEA361BB38FCA0012B3C0 /* Images.xcassets in Resources */,
			);
			runOnlyForDeploymentPostprocessing = 0;
		};
		CEDAEA3C1BB38FCB0012B3C0 /* Resources */ = {
			isa = PBXResourcesBuildPhase;
			buildActionMask = 2147483647;
			files = (
			);
			runOnlyForDeploymentPostprocessing = 0;
		};
/* End PBXResourcesBuildPhase section */

/* Begin PBXSourcesBuildPhase section */
		CEDAEA211BB38FCA0012B3C0 /* Sources */ = {
			isa = PBXSourcesBuildPhase;
			buildActionMask = 2147483647;
			files = (
				CEDAEA311BB38FCA0012B3C0 /* ViewController.m in Sources */,
				CEDAEA2E1BB38FCA0012B3C0 /* AppDelegate.m in Sources */,
				CEDAEA2B1BB38FCA0012B3C0 /* main.m in Sources */,
			);
			runOnlyForDeploymentPostprocessing = 0;
		};
		CEDAEA3A1BB38FCB0012B3C0 /* Sources */ = {
			isa = PBXSourcesBuildPhase;
			buildActionMask = 2147483647;
			files = (
				CEDAEA451BB38FCB0012B3C0 /* Hend_Held_V1_0Tests.m in Sources */,
			);
			runOnlyForDeploymentPostprocessing = 0;
		};
/* End PBXSourcesBuildPhase section */

/* Begin PBXTargetDependency section */
		CEDAEA401BB38FCB0012B3C0 /* PBXTargetDependency */ = {
			isa = PBXTargetDependency;
			target = CEDAEA241BB38FCA0012B3C0 /* Hend_Held_V1.0 */;
			targetProxy = CEDAEA3F1BB38FCB0012B3C0 /* PBXContainerItemProxy */;
		};
/* End PBXTargetDependency section */

/* Begin PBXVariantGroup section */
		CEDAEA321BB38FCA0012B3C0 /* Main.storyboard */ = {
			isa = PBXVariantGroup;
			children = (
				CEDAEA331BB38FCA0012B3C0 /* Base */,
			);
			name = Main.storyboard;
			sourceTree = "<group>";
		};
		CEDAEA371BB38FCA0012B3C0 /* LaunchScreen.xib */ = {
			isa = PBXVariantGroup;
			children = (
				CEDAEA381BB38FCA0012B3C0 /* Base */,
			);
			name = LaunchScreen.xib;
			sourceTree = "<group>";
		};
/* End PBXVariantGroup section */

/* Begin XCBuildConfiguration section */
		CEDAEA461BB38FCB0012B3C0 /* Debug */ = {
			isa = XCBuildConfiguration;
			buildSettings = {
				ALWAYS_SEARCH_USER_PATHS = NO;
				CLANG_CXX_LANGUAGE_STANDARD = "gnu++0x";
				CLANG_CXX_LIBRARY = "libc++";
				CLANG_ENABLE_MODULES = YES;
				CLANG_ENABLE_OBJC_ARC = YES;
				CLANG_WARN_BOOL_CONVERSION = YES;
				CLANG_WARN_CONSTANT_CONVERSION = YES;
				CLANG_WARN_DIRECT_OBJC_ISA_USAGE = YES_ERROR;
				CLANG_WARN_EMPTY_BODY = YES;
				CLANG_WARN_ENUM_CONVERSION = YES;
				CLANG_WARN_INT_CONVERSION = YES;
				CLANG_WARN_OBJC_ROOT_CLASS = YES_ERROR;
				CLANG_WARN_UNREACHABLE_CODE = YES;
				CLANG_WARN__DUPLICATE_METHOD_MATCH = YES;
				"CODE_SIGN_IDENTITY[sdk=iphoneos*]" = "iPhone Developer";
				COPY_PHASE_STRIP = NO;
				DEBUG_INFORMATION_FORMAT = "dwarf-with-dsym";
				ENABLE_STRICT_OBJC_MSGSEND = YES;
				GCC_C_LANGUAGE_STANDARD = gnu99;
				GCC_DYNAMIC_NO_PIC = NO;
				GCC_NO_COMMON_BLOCKS = YES;
				GCC_OPTIMIZATION_LEVEL = 0;
				GCC_PREPROCESSOR_DEFINITIONS = (
					"DEBUG=1",
					"$(inherited)",
				);
				GCC_SYMBOLS_PRIVATE_EXTERN = NO;
				GCC_WARN_64_TO_32_BIT_CONVERSION = YES;
				GCC_WARN_ABOUT_RETURN_TYPE = YES_ERROR;
				GCC_WARN_UNDECLARED_SELECTOR = YES;
				GCC_WARN_UNINITIALIZED_AUTOS = YES_AGGRESSIVE;
				GCC_WARN_UNUSED_FUNCTION = YES;
				GCC_WARN_UNUSED_VARIABLE = YES;
				IPHONEOS_DEPLOYMENT_TARGET = 8.4;
				MTL_ENABLE_DEBUG_INFO = YES;
				ONLY_ACTIVE_ARCH = YES;
				SDKROOT = iphoneos;
			};
			name = Debug;
		};
		CEDAEA471BB38FCB0012B3C0 /* Release */ = {
			isa = XCBuildConfiguration;
			buildSettings = {
				ALWAYS_SEARCH_USER_PATHS = NO;
				CLANG_CXX_LANGUAGE_STANDARD = "gnu++0x";
				CLANG_CXX_LIBRARY = "libc++";
				CLANG_ENABLE_MODULES = YES;
				CLANG_ENABLE_OBJC_ARC = YES;
				CLANG_WARN_BOOL_CONVERSION = YES;
				CLANG_WARN_CONSTANT_CONVERSION = YES;
				CLANG_WARN_DIRECT_OBJC_ISA_USAGE = YES_ERROR;
				CLANG_WARN_EMPTY_BODY = YES;
				CLANG_WARN_ENUM_CONVERSION = YES;
				CLANG_WARN_INT_CONVERSION = YES;
				CLANG_WARN_OBJC_ROOT_CLASS = YES_ERROR;
				CLANG_WARN_UNREACHABLE_CODE = YES;
				CLANG_WARN__DUPLICATE_METHOD_MATCH = YES;
				"CODE_SIGN_IDENTITY[sdk=iphoneos*]" = "iPhone Developer";
				COPY_PHASE_STRIP = NO;
				DEBUG_INFORMATION_FORMAT = "dwarf-with-dsym";
				ENABLE_NS_ASSERTIONS = NO;
				ENABLE_STRICT_OBJC_MSGSEND = YES;
				GCC_C_LANGUAGE_STANDARD = gnu99;
				GCC_NO_COMMON_BLOCKS = YES;
				GCC_WARN_64_TO_32_BIT_CONVERSION = YES;
				GCC_WARN_ABOUT_RETURN_TYPE = YES_ERROR;
				GCC_WARN_UNDECLARED_SELECTOR = YES;
				GCC_WARN_UNINITIALIZED_AUTOS = YES_AGGRESSIVE;
				GCC_WARN_UNUSED_FUNCTION = YES;
				GCC_WARN_UNUSED_VARIABLE = YES;
				IPHONEOS_DEPLOYMENT_TARGET = 8.4;
				MTL_ENABLE_DEBUG_INFO = NO;
				SDKROOT = iphoneos;
				VALIDATE_PRODUCT = YES;
			};
			name = Release;
		};
		CEDAEA491BB38FCB0012B3C0 /* Debug */ = {
			isa = XCBuildConfiguration;
			buildSettings = {
				ASSETCATALOG_COMPILER_APPICON_NAME = AppIcon;
				INFOPLIST_FILE = Hend_Held_V1.0/Info.plist;
				LD_RUNPATH_SEARCH_PATHS = "$(inherited) @executable_path/Frameworks";
				PRODUCT_NAME = "$(TARGET_NAME)";
			};
			name = Debug;
		};
		CEDAEA4A1BB38FCB0012B3C0 /* Release */ = {
			isa = XCBuildConfiguration;
			buildSettings = {
				ASSETCATALOG_COMPILER_APPICON_NAME = AppIcon;
				INFOPLIST_FILE = Hend_Held_V1.0/Info.plist;
				LD_RUNPATH_SEARCH_PATHS = "$(inherited) @executable_path/Frameworks";
				PRODUCT_NAME = "$(TARGET_NAME)";
			};
			name = Release;
		};
		CEDAEA4C1BB38FCB0012B3C0 /* Debug */ = {
			isa = XCBuildConfiguration;
			buildSettings = {
				BUNDLE_LOADER = "$(TEST_HOST)";
				FRAMEWORK_SEARCH_PATHS = (
					"$(SDKROOT)/Developer/Library/Frameworks",
					"$(inherited)",
				);
				GCC_PREPROCESSOR_DEFINITIONS = (
					"DEBUG=1",
					"$(inherited)",
				);
				INFOPLIST_FILE = Hend_Held_V1.0Tests/Info.plist;
				LD_RUNPATH_SEARCH_PATHS = "$(inherited) @executable_path/Frameworks @loader_path/Frameworks";
				PRODUCT_NAME = "$(TARGET_NAME)";
				TEST_HOST = "$(BUILT_PRODUCTS_DIR)/Hend_Held_V1.0.app/Hend_Held_V1.0";
			};
			name = Debug;
		};
		CEDAEA4D1BB38FCB0012B3C0 /* Release */ = {
			isa = XCBuildConfiguration;
			buildSettings = {
				BUNDLE_LOADER = "$(TEST_HOST)";
				FRAMEWORK_SEARCH_PATHS = (
					"$(SDKROOT)/Developer/Library/Frameworks",
					"$(inherited)",
				);
				INFOPLIST_FILE = Hend_Held_V1.0Tests/Info.plist;
				LD_RUNPATH_SEARCH_PATHS = "$(inherited) @executable_path/Frameworks @loader_path/Frameworks";
				PRODUCT_NAME = "$(TARGET_NAME)";
				TEST_HOST = "$(BUILT_PRODUCTS_DIR)/Hend_Held_V1.0.app/Hend_Held_V1.0";
			};
			name = Release;
		};
/* End XCBuildConfiguration section */

/* Begin XCConfigurationList section */
		CEDAEA201BB38FCA0012B3C0 /* Build configuration list for PBXProject "Hend_Held_V1.0" */ = {
			isa = XCConfigurationList;
			buildConfigurations = (
				CEDAEA461BB38FCB0012B3C0 /* Debug */,
				CEDAEA471BB38FCB0012B3C0 /* Release */,
			);
			defaultConfigurationIsVisible = 0;
			defaultConfigurationName = Release;
		};
		CEDAEA481BB38FCB0012B3C0 /* Build configuration list for PBXNativeTarget "Hend_Held_V1.0" */ = {
			isa = XCConfigurationList;
			buildConfigurations = (
				CEDAEA491BB38FCB0012B3C0 /* Debug */,
				CEDAEA4A1BB38FCB0012B3C0 /* Release */,
			);
			defaultConfigurationIsVisible = 0;
		};
		CEDAEA4B1BB38FCB0012B3C0 /* Build configuration list for PBXNativeTarget "Hend_Held_V1.0Tests" */ = {
			isa = XCConfigurationList;
			buildConfigurations = (
				CEDAEA4C1BB38FCB0012B3C0 /* Debug */,
				CEDAEA4D1BB38FCB0012B3C0 /* Release */,
			);
			defaultConfigurationIsVisible = 0;
		};
/* End XCConfigurationList section */
	};
	rootObject = CEDAEA1D1BB38FCA0012B3C0 /* Project object */;
}
